
Microsoft Visual Studio Solution File, Format Version 12.00
# Visual Studio 14
VisualStudioVersion = 14.0.25420.1
MinimumVisualStudioVersion = 10.0.40219.1
Project("{FAE04EC0-301F-11D3-BF4B-00C04F79EFBC}") = "Fontys lectoraat blog", "Fontys lectoraat blog\Fontys lectoraat blog.csproj", "{871AA6BC-EAFC-4020-91BF-70CB3B7EE822}"
EndProject
Project("{FAE04EC0-301F-11D3-BF4B-00C04F79EFBC}") = "FontysDataObjects", "FontysDataObjects\FontysDataObjects.csproj", "{7D973793-CA8E-48BC-B7CA-D7E8DF706367}"
EndProject
Project("{FAE04EC0-301F-11D3-BF4B-00C04F79EFBC}") = "WindowsFormTestApp", "WindowsFormTestApp\WindowsFormTestApp.csproj", "{3AAB0C76-DA58-4349-BF77-5692925C21F2}"
EndProject
Project("{FAE04EC0-301F-11D3-BF4B-00C04F79EFBC}") = "UnitTests", "UnitTests\UnitTests.csproj", "{954C7701-FAE1-40F6-8040-E83816A44662}"
EndProject
Global
	GlobalSection(SolutionConfigurationPlatforms) = preSolution
		Debug|Any CPU = Debug|Any CPU
		Release|Any CPU = Release|Any CPU
	EndGlobalSection
	GlobalSection(ProjectConfigurationPlatforms) = postSolution
		{871AA6BC-EAFC-4020-91BF-70CB3B7EE822}.Debug|Any CPU.ActiveCfg = Debug|Any CPU
		{871AA6BC-EAFC-4020-91BF-70CB3B7EE822}.Debug|Any CPU.Build.0 = Debug|Any CPU
		{871AA6BC-EAFC-4020-91BF-70CB3B7EE822}.Release|Any CPU.ActiveCfg = Release|Any CPU
		{871AA6BC-EAFC-4020-91BF-70CB3B7EE822}.Release|Any CPU.Build.0 = Release|Any CPU
		{7D973793-CA8E-48BC-B7CA-D7E8DF706367}.Debug|Any CPU.ActiveCfg = Debug|Any CPU
		{7D973793-CA8E-48BC-B7CA-D7E8DF706367}.Debug|Any CPU.Build.0 = Debug|Any CPU
		{7D973793-CA8E-48BC-B7CA-D7E8DF706367}.Release|Any CPU.ActiveCfg = Release|Any CPU
		{7D973793-CA8E-48BC-B7CA-D7E8DF706367}.Release|Any CPU.Build.0 = Release|Any CPU
		{3AAB0C76-DA58-4349-BF77-5692925C21F2}.Debug|Any CPU.ActiveCfg = Debug|Any CPU
		{3AAB0C76-DA58-4349-BF77-5692925C21F2}.Debug|Any CPU.Build.0 = Debug|Any CPU
		{3AAB0C76-DA58-4349-BF77-5692925C21F2}.Release|Any CPU.ActiveCfg = Release|Any CPU
		{3AAB0C76-DA58-4349-BF77-5692925C21F2}.Release|Any CPU.Build.0 = Release|Any CPU
		{954C7701-FAE1-40F6-8040-E83816A44662}.Debug|Any CPU.ActiveCfg = Debug|Any CPU
		{954C7701-FAE1-40F6-8040-E83816A44662}.Debug|Any CPU.Build.0 = Debug|Any CPU
		{954C7701-FAE1-40F6-8040-E83816A44662}.Release|Any CPU.ActiveCfg = Release|Any CPU
		{954C7701-FAE1-40F6-8040-E83816A44662}.Release|Any CPU.Build.0 = Release|Any CPU
	EndGlobalSection
	GlobalSection(SolutionProperties) = preSolution
		HideSolutionNode = FALSE
	EndGlobalSection
EndGlobal
